lockfileVersion: '6.0'

settings:
  autoInstallPeers: true
  excludeLinksFromLockfile: false

dependencies:
  '@tanstack/react-form':
    specifier: ^0.19.0
    version: 0.19.0(react-dom@18.2.0)(react@18.2.0)

devDependencies:
  '@virtuallyunknown/tsconfig':
    specifier: ^0.0.3
    version: 0.0.3
  typescript:
    specifier: ^5.4.3
    version: 5.4.3

packages:

  /@tanstack/form-core@0.19.0:
    resolution: {integrity: sha512-W0U6dd5S0YLBp2kulN+F7yQFHUOBaw0Li6iqgkRN3vd42Wef+XseRlY6V+8xyJ4dVkbIaXv7S39CxTBkEjeiPg==}
    dependencies:
      '@tanstack/store': 0.3.1
    dev: false

  /@tanstack/react-form@0.19.0(react-dom@18.2.0)(react@18.2.0):
    resolution: {integrity: sha512-9cE+ic8iHN8UtR4k65286qwDk1pF3ESHiLw3aWDUySezduz4K61Jl3CkwDbuMUnUvzymoSlqWm0Lppqzj3ASng==}
    peerDependencies:
      react: ^17.0.0 || ^18.0.0
    dependencies:
      '@tanstack/form-core': 0.19.0
      '@tanstack/react-store': 0.3.1(react-dom@18.2.0)(react@18.2.0)
      decode-formdata: 0.4.0
      react: 18.2.0
      rehackt: 0.0.3(react@18.2.0)
    transitivePeerDependencies:
      - '@types/react'
      - react-dom
    dev: false

  /@tanstack/react-store@0.3.1(react-dom@18.2.0)(react@18.2.0):
    resolution: {integrity: sha512-PfV271d345It6FdcX4c9gd+llKGddtvau8iJnybTAWmYVyDeFWfIIkiAJ5iNITJmI02AzqgtcV3QLNBBlpBUjA==}
    peerDependencies:
      react: ^17.0.0 || ^18.0.0
      react-dom: ^17.0.0 || ^18.0.0
    dependencies:
      '@tanstack/store': 0.3.1
      react: 18.2.0
      react-dom: 18.2.0(react@18.2.0)
      use-sync-external-store: 1.2.0(react@18.2.0)
    dev: false

  /@tanstack/store@0.3.1:
    resolution: {integrity: sha512-A49KN8SpLMWaNmZGPa9K982RQ81W+m7W6iStcQVeKeVS70JZRqkF0fDwKByREPq6qz9/kS0aQFOPQ0W6wIeU5g==}
    dev: false

  /@virtuallyunknown/tsconfig@0.0.3:
    resolution: {integrity: sha512-tbRC28RDB1qyJEq9DUHAarMMnbWjl6v/pRPAi+FbJL1I+9nX97B1Ea58yEt21vVJajQet25HyHDiuueEfMxw6g==}
    dev: true

  /decode-formdata@0.4.0:
    resolution: {integrity: sha512-/OMUlsRLrSgHPOWCwembsFFTT4DY7Ts9GGlwK8v9yeLOyYZSPKIfn/1oOuV9UmpQ9CZi5JeyT8edunRoBOOl5g==}
    dev: false

  /js-tokens@4.0.0:
    resolution: {integrity: sha512-RdJUflcE3cUzKiMqQgsCu06FPu9UdIJO0beYbPhHN4k6apgJtifcoCtT9bcxOpYBtpD2kCM6Sbzg4CausW/PKQ==}
    dev: false

  /loose-envify@1.4.0:
    resolution: {integrity: sha512-lyuxPGr/Wfhrlem2CL/UcnUc1zcqKAImBDzukY7Y5F/yQiNdko6+fRLevlw1HgMySw7f611UIY408EtxRSoK3Q==}
    hasBin: true
    dependencies:
      js-tokens: 4.0.0
    dev: false

  /react-dom@18.2.0(react@18.2.0):
    resolution: {integrity: sha512-6IMTriUmvsjHUjNtEDudZfuDQUoWXVxKHhlEGSk81n4YFS+r/Kl99wXiwlVXtPBtJenozv2P+hxDsw9eA7Xo6g==}
    peerDependencies:
      react: ^18.2.0
    dependencies:
      loose-envify: 1.4.0
      react: 18.2.0
      scheduler: 0.23.0
    dev: false

  /react@18.2.0:
    resolution: {integrity: sha512-/3IjMdb2L9QbBdWiW5e3P2/npwMBaU9mHCSCUzNln0ZCYbcfTsGbTJrU/kGemdH2IWmB2ioZ+zkxtmq6g09fGQ==}
    engines: {node: '>=0.10.0'}
    dependencies:
      loose-envify: 1.4.0
    dev: false

  /rehackt@0.0.3(react@18.2.0):
    resolution: {integrity: sha512-aBRHudKhOWwsTvCbSoinzq+Lej/7R8e8UoPvLZo5HirZIIBLGAgdG7SL9QpdcBoQ7+3QYPi3lRLknAzXBlhZ7g==}
    peerDependencies:
      '@types/react': '*'
      react: '*'
    peerDependenciesMeta:
      '@types/react':
        optional: true
      react:
        optional: true
    dependencies:
      react: 18.2.0
    dev: false

  /scheduler@0.23.0:
    resolution: {integrity: sha512-CtuThmgHNg7zIZWAXi3AsyIzA3n4xx7aNyjwC2VJldO2LMVDhFK+63xGqq6CsJH4rTAt6/M+N4GhZiDYPx9eUw==}
    dependencies:
      loose-envify: 1.4.0
    dev: false

  /typescript@5.4.3:
    resolution: {integrity: sha512-KrPd3PKaCLr78MalgiwJnA25Nm8HAmdwN3mYUYZgG/wizIo9EainNVQI9/yDavtVFRN2h3k8uf3GLHuhDMgEHg==}
    engines: {node: '>=14.17'}
    hasBin: true
    dev: true

  /use-sync-external-store@1.2.0(react@18.2.0):
    resolution: {integrity: sha512-eEgnFxGQ1Ife9bzYs6VLi8/4X6CObHMw9Qr9tPY43iKwsPw8xE8+EFsf/2cFZ5S3esXgpWgtSCtLNS41F+sKPA==}
    peerDependencies:
      react: ^16.8.0 || ^17.0.0 || ^18.0.0
    dependencies:
      react: 18.2.0
    dev: false
